
Microsoft Visual Studio Solution File, Format Version 12.00
# Visual Studio Version 17
VisualStudioVersion = 17.9.34728.123
MinimumVisualStudioVersion = 10.0.40219.1
Project("{FAE04EC0-301F-11D3-BF4B-00C04F79EFBC}") = "ConsoleApp4", "ConsoleApp4.csproj", "{1C60A0BB-652B-4D72-91B8-7D7B86A12875}"
EndProject
Global
	GlobalSection(SolutionConfigurationPlatforms) = preSolution
		Debug|Any CPU = Debug|Any CPU
		Release|Any CPU = Release|Any CPU
	EndGlobalSection
	GlobalSection(ProjectConfigurationPlatforms) = postSolution
		{1C60A0BB-652B-4D72-91B8-7D7B86A12875}.Debug|Any CPU.ActiveCfg = Debug|Any CPU
		{1C60A0BB-652B-4D72-91B8-7D7B86A12875}.Debug|Any CPU.Build.0 = Debug|Any CPU
		{1C60A0BB-652B-4D72-91B8-7D7B86A12875}.Release|Any CPU.ActiveCfg = Release|Any CPU
		{1C60A0BB-652B-4D72-91B8-7D7B86A12875}.Release|Any CPU.Build.0 = Release|Any CPU
	EndGlobalSection
	GlobalSection(SolutionProperties) = preSolution
		HideSolutionNode = FALSE
	EndGlobalSection
	GlobalSection(ExtensibilityGlobals) = postSolution
		SolutionGuid = {A1E25A2E-2855-495F-A984-611A7CD007E2}
	EndGlobalSection
EndGlobal
